
Microsoft Visual Studio Solution File, Format Version 12.00
# Visual Studio 15
VisualStudioVersion = 15.0.27703.2035
MinimumVisualStudioVersion = 10.0.40219.1
Project("{FAE04EC0-301F-11D3-BF4B-00C04F79EFBC}") = "MaterialMahappsTabControl", "MaterialMahappsTabControl\MaterialMahappsTabControl.csproj", "{E2C04FE7-9D80-45F1-86C9-3A1F5AC56A21}"
EndProject
Global
	GlobalSection(SolutionConfigurationPlatforms) = preSolution
		Debug|Any CPU = Debug|Any CPU
		Release|Any CPU = Release|Any CPU
	EndGlobalSection
	GlobalSection(ProjectConfigurationPlatforms) = postSolution
		{E2C04FE7-9D80-45F1-86C9-3A1F5AC56A21}.Debug|Any CPU.ActiveCfg = Debug|Any CPU
		{E2C04FE7-9D80-45F1-86C9-3A1F5AC56A21}.Debug|Any CPU.Build.0 = Debug|Any CPU
		{E2C04FE7-9D80-45F1-86C9-3A1F5AC56A21}.Release|Any CPU.ActiveCfg = Release|Any CPU
		{E2C04FE7-9D80-45F1-86C9-3A1F5AC56A21}.Release|Any CPU.Build.0 = Release|Any CPU
	EndGlobalSection
	GlobalSection(SolutionProperties) = preSolution
		HideSolutionNode = FALSE
	EndGlobalSection
	GlobalSection(ExtensibilityGlobals) = postSolution
		SolutionGuid = {8026D15F-DB3A-4843-846F-968F91074A48}
	EndGlobalSection
EndGlobal
